github.com/vanilla-os/vib/api v0.0.0-20240710093922-7cf30ad33093 h1:7NnTkMdojYFv/LbtXsspKCRI5F0LqS2oMpAnojbcia0=
github.com/vanilla-os/vib/api v0.0.0-20240710093922-7cf30ad33093/go.mod h1:vjJzDfFxfFHN5O2hcMwGM9De3+H9gGa00Pr3Um6EmCA=
github.com/vanilla-os/vib/api v0.0.0-20250219115424-1614a2acae31 h1:x3NOfK0/8Z1KQSih2ujn3KBRVmVobEVkRGSR0nKv1oU=
github.com/vanilla-os/vib/api v0.0.0-20250219115424-1614a2acae31/go.mod h1:vjJzDfFxfFHN5O2hcMwGM9De3+H9gGa00Pr3Um6EmCA=
